speakeasyVersion: 1.660.0
sources:
    Convoy API Reference:
        sourceNamespace: convoy-api-reference
        sourceRevisionDigest: sha256:2f963f296a7b5e067a79019ea89e10ecc9d8d8bbc57d1edcd8d032e78b7de64e
        sourceBlobDigest: sha256:54d837a7d7b334fbc7d0bf796fda84dfef9a97e5025485b0de715f41d3b47840
        tags:
            - latest
            - speakeasy-sdk-regen-1764001243
            - 24.1.4
targets:
    convoy:
        source: Convoy API Reference
        sourceNamespace: convoy-api-reference
        sourceRevisionDigest: sha256:2f963f296a7b5e067a79019ea89e10ecc9d8d8bbc57d1edcd8d032e78b7de64e
        sourceBlobDigest: sha256:54d837a7d7b334fbc7d0bf796fda84dfef9a97e5025485b0de715f41d3b47840
        codeSamplesNamespace: convoy-api-reference-go-code-samples
        codeSamplesRevisionDigest: sha256:38ea3122c6822547301e008eae54efc531c83860962244538a58bfaf842c5b28
workflow:
    workflowVersion: 1.0.0
    speakeasyVersion: latest
    sources:
        Convoy API Reference:
            inputs:
                - location: openapi.yaml
            output: .speakeasy/out.openapi.yaml
            registry:
                location: registry.speakeasyapi.dev/subomi-org/subomi-workspace/convoy-api-reference
    targets:
        convoy:
            target: go
            source: Convoy API Reference
            codeSamples:
                registry:
                    location: registry.speakeasyapi.dev/subomi-org/subomi-workspace/convoy-api-reference-go-code-samples
                labelOverride:
                    fixedValue: Go (SDK)
                blocking: false
