speakeasyVersion: 1.599.0
sources:
    Convoy API Reference:
        sourceNamespace: convoy-api-reference
        sourceRevisionDigest: sha256:3dbb4ac535c7ab743789438b1b32cdb664ec4cfa8c5c890b9770ac07263eebdf
        sourceBlobDigest: sha256:2f925a324b9860866700cddf57cd260e055813915d5d7a77a228e4480d928a7f
        tags:
            - latest
            - 24.1.4
targets:
    convoy:
        source: Convoy API Reference
        sourceNamespace: convoy-api-reference
        sourceRevisionDigest: sha256:3dbb4ac535c7ab743789438b1b32cdb664ec4cfa8c5c890b9770ac07263eebdf
        sourceBlobDigest: sha256:2f925a324b9860866700cddf57cd260e055813915d5d7a77a228e4480d928a7f
        codeSamplesNamespace: convoy-api-reference-go-code-samples
        codeSamplesRevisionDigest: sha256:0d9fad885040db8e1ae206f44569373a88f1195aca1479a680a51b0bb8a5084f
workflow:
    workflowVersion: 1.0.0
    speakeasyVersion: latest
    sources:
        Convoy API Reference:
            inputs:
                - location: ../openapi.yaml
            output: .speakeasy/out.openapi.yaml
            registry:
                location: registry.speakeasyapi.dev/subomi-org/subomi-workspace/convoy-api-reference
    targets:
        convoy:
            target: go
            source: Convoy API Reference
            codeSamples:
                registry:
                    location: registry.speakeasyapi.dev/subomi-org/subomi-workspace/convoy-api-reference-go-code-samples
                labelOverride:
                    fixedValue: Go (SDK)
                blocking: false
