speakeasyVersion: 1.660.0
sources:
    Convoy API Reference:
        sourceNamespace: convoy-api-reference
        sourceRevisionDigest: sha256:6c57ebb77d7b87091c1153e3dc748781fc6cfac5f6250fe6f38c5f4cc43e0aef
        sourceBlobDigest: sha256:aefbb05246b51767295ed37524f6c02c5a16ca1fcd9f83fea00b8185a2e1d746
        tags:
            - latest
            - tag-v0.1.0
            - 24.1.4
targets:
    convoy:
        source: Convoy API Reference
        sourceNamespace: convoy-api-reference
        sourceRevisionDigest: sha256:6c57ebb77d7b87091c1153e3dc748781fc6cfac5f6250fe6f38c5f4cc43e0aef
        sourceBlobDigest: sha256:aefbb05246b51767295ed37524f6c02c5a16ca1fcd9f83fea00b8185a2e1d746
        codeSamplesNamespace: convoy-api-reference-go-code-samples
        codeSamplesRevisionDigest: sha256:9e25c27e996b15bbbdc02fb2879b1a21738fcd362cf14bf2420e6c613da50d7d
workflow:
    workflowVersion: 1.0.0
    speakeasyVersion: latest
    sources:
        Convoy API Reference:
            inputs:
                - location: openapi.yaml
            output: .speakeasy/out.openapi.yaml
            registry:
                location: registry.speakeasyapi.dev/subomi-org/subomi-workspace/convoy-api-reference
    targets:
        convoy:
            target: go
            source: Convoy API Reference
            codeSamples:
                registry:
                    location: registry.speakeasyapi.dev/subomi-org/subomi-workspace/convoy-api-reference-go-code-samples
                labelOverride:
                    fixedValue: Go (SDK)
                blocking: false
